<?xml version="1.0" encoding="UTF-8" standalone="yes" ?>
<CodeBlocks_project_file>
	<FileVersion major="1" minor="6" />
	<Project>
		<Option title="ClangComplete" />
		<Option pch_mode="2" />
		<Option compiler="gcc" />
		<Build>
			<Target title="default">
				<Option output="ClangComplete" prefix_auto="1" extension_auto="1" />
				<Option type="3" />
				<Option compiler="gcc" />
				<Option host_application="codeblocks" />
				<Compiler>
					<Add option="-g" />
					<Add option="`pkg-config --cflags codeblocks`" />
					<Add option="`wx-config --cflags`" />
					<Add option="-fPIC" />
				</Compiler>
				<Linker>
					<Add option="`pkg-config --libs codeblocks`" />
					<Add option="`wx-config --libs`" />
				</Linker>
				<ExtraCommands>
					<Add after="zip -j9 ClangComplete.zip manifest.xml" />
					<Add after="zip -j9 ClangComplete.cbplugin ClangComplete.so ClangComplete.zip" />
				</ExtraCommands>
			</Target>
		</Build>
		<Compiler>
			<Add directory="../../../../usr/include/codeblocks" />
		</Compiler>
		<Linker>
			<Add library="/usr/local/lib/libclang.so" />
			<Add directory="../../../../usr/lib/codeblocks" />
		</Linker>
		<Unit filename="ClangComplete.cpp" />
		<Unit filename="ClangComplete.h" />
		<Unit filename="Result.cpp" />
		<Unit filename="Result.h" />
		<Unit filename="manifest.xml" />
		<Unit filename="myThread.cpp" />
		<Unit filename="myThread.h" />
		<Extensions>
			<code_completion />
			<envvars />
			<debugger />
			<lib_finder disable_auto="1">
				<lib name="clang" />
			</lib_finder>
		</Extensions>
	</Project>
</CodeBlocks_project_file>
